
Microsoft Visual Studio Solution File, Format Version 12.00
# Visual Studio Version 17
VisualStudioVersion = 17.3.32901.215
MinimumVisualStudioVersion = 10.0.40219.1
Project("{8BC9CEB8-8B4A-11D0-8D11-00A0C91BC942}") = "LW15", "LW15.vcxproj", "{F21543D8-72A1-4BAE-B50B-57C0E4A98090}"
EndProject
Global
	GlobalSection(SolutionConfigurationPlatforms) = preSolution
		Debug|x64 = Debug|x64
		Debug|x86 = Debug|x86
		Release|x64 = Release|x64
		Release|x86 = Release|x86
	EndGlobalSection
	GlobalSection(ProjectConfigurationPlatforms) = postSolution
		{F21543D8-72A1-4BAE-B50B-57C0E4A98090}.Debug|x64.ActiveCfg = Debug|x64
		{F21543D8-72A1-4BAE-B50B-57C0E4A98090}.Debug|x64.Build.0 = Debug|x64
		{F21543D8-72A1-4BAE-B50B-57C0E4A98090}.Debug|x86.ActiveCfg = Debug|Win32
		{F21543D8-72A1-4BAE-B50B-57C0E4A98090}.Debug|x86.Build.0 = Debug|Win32
		{F21543D8-72A1-4BAE-B50B-57C0E4A98090}.Release|x64.ActiveCfg = Release|x64
		{F21543D8-72A1-4BAE-B50B-57C0E4A98090}.Release|x64.Build.0 = Release|x64
		{F21543D8-72A1-4BAE-B50B-57C0E4A98090}.Release|x86.ActiveCfg = Release|Win32
		{F21543D8-72A1-4BAE-B50B-57C0E4A98090}.Release|x86.Build.0 = Release|Win32
	EndGlobalSection
	GlobalSection(SolutionProperties) = preSolution
		HideSolutionNode = FALSE
	EndGlobalSection
	GlobalSection(ExtensibilityGlobals) = postSolution
		SolutionGuid = {0D9DF435-C360-4CD8-8729-C3D756F1303D}
	EndGlobalSection
EndGlobal
