
Microsoft Visual Studio Solution File, Format Version 12.00
# Visual Studio Version 17
VisualStudioVersion = 17.3.32901.215
MinimumVisualStudioVersion = 10.0.40219.1
Project("{8BC9CEB8-8B4A-11D0-8D11-00A0C91BC942}") = "LW10 not verified", "LW10 not verified.vcxproj", "{C6D153C9-3DD3-4C4E-89BC-D0EE06CDD468}"
EndProject
Global
	GlobalSection(SolutionConfigurationPlatforms) = preSolution
		Debug|x64 = Debug|x64
		Debug|x86 = Debug|x86
		Release|x64 = Release|x64
		Release|x86 = Release|x86
	EndGlobalSection
	GlobalSection(ProjectConfigurationPlatforms) = postSolution
		{C6D153C9-3DD3-4C4E-89BC-D0EE06CDD468}.Debug|x64.ActiveCfg = Debug|x64
		{C6D153C9-3DD3-4C4E-89BC-D0EE06CDD468}.Debug|x64.Build.0 = Debug|x64
		{C6D153C9-3DD3-4C4E-89BC-D0EE06CDD468}.Debug|x86.ActiveCfg = Debug|Win32
		{C6D153C9-3DD3-4C4E-89BC-D0EE06CDD468}.Debug|x86.Build.0 = Debug|Win32
		{C6D153C9-3DD3-4C4E-89BC-D0EE06CDD468}.Release|x64.ActiveCfg = Release|x64
		{C6D153C9-3DD3-4C4E-89BC-D0EE06CDD468}.Release|x64.Build.0 = Release|x64
		{C6D153C9-3DD3-4C4E-89BC-D0EE06CDD468}.Release|x86.ActiveCfg = Release|Win32
		{C6D153C9-3DD3-4C4E-89BC-D0EE06CDD468}.Release|x86.Build.0 = Release|Win32
	EndGlobalSection
	GlobalSection(SolutionProperties) = preSolution
		HideSolutionNode = FALSE
	EndGlobalSection
	GlobalSection(ExtensibilityGlobals) = postSolution
		SolutionGuid = {5D19592B-2280-492D-ABB4-0A8012B0339F}
	EndGlobalSection
EndGlobal
